
Microsoft Visual Studio Solution File, Format Version 12.00
# Visual Studio Version 16
VisualStudioVersion = 16.0.29728.190
MinimumVisualStudioVersion = 10.0.40219.1
Project("{FAE04EC0-301F-11D3-BF4B-00C04F79EFBC}") = "ToyRobot", "ToyRobot\ToyRobot.csproj", "{F2C86885-4A4B-4C18-B2E4-E3DDACDBD260}"
EndProject
Project("{FAE04EC0-301F-11D3-BF4B-00C04F79EFBC}") = "Robot", "Robot\Robot.csproj", "{994E8D7C-E401-4C49-A570-70E1C95413EF}"
EndProject
Project("{FAE04EC0-301F-11D3-BF4B-00C04F79EFBC}") = "UnitTests", "UnitTests\UnitTests.csproj", "{83C2B7D0-BBF7-493C-BF3C-8538E98F3826}"
EndProject
Global
	GlobalSection(SolutionConfigurationPlatforms) = preSolution
		Debug|Any CPU = Debug|Any CPU
		Release|Any CPU = Release|Any CPU
	EndGlobalSection
	GlobalSection(ProjectConfigurationPlatforms) = postSolution
		{F2C86885-4A4B-4C18-B2E4-E3DDACDBD260}.Debug|Any CPU.ActiveCfg = Debug|Any CPU
		{F2C86885-4A4B-4C18-B2E4-E3DDACDBD260}.Debug|Any CPU.Build.0 = Debug|Any CPU
		{F2C86885-4A4B-4C18-B2E4-E3DDACDBD260}.Release|Any CPU.ActiveCfg = Release|Any CPU
		{F2C86885-4A4B-4C18-B2E4-E3DDACDBD260}.Release|Any CPU.Build.0 = Release|Any CPU
		{994E8D7C-E401-4C49-A570-70E1C95413EF}.Debug|Any CPU.ActiveCfg = Debug|Any CPU
		{994E8D7C-E401-4C49-A570-70E1C95413EF}.Debug|Any CPU.Build.0 = Debug|Any CPU
		{994E8D7C-E401-4C49-A570-70E1C95413EF}.Release|Any CPU.ActiveCfg = Release|Any CPU
		{994E8D7C-E401-4C49-A570-70E1C95413EF}.Release|Any CPU.Build.0 = Release|Any CPU
		{83C2B7D0-BBF7-493C-BF3C-8538E98F3826}.Debug|Any CPU.ActiveCfg = Debug|Any CPU
		{83C2B7D0-BBF7-493C-BF3C-8538E98F3826}.Debug|Any CPU.Build.0 = Debug|Any CPU
		{83C2B7D0-BBF7-493C-BF3C-8538E98F3826}.Release|Any CPU.ActiveCfg = Release|Any CPU
		{83C2B7D0-BBF7-493C-BF3C-8538E98F3826}.Release|Any CPU.Build.0 = Release|Any CPU
	EndGlobalSection
	GlobalSection(SolutionProperties) = preSolution
		HideSolutionNode = FALSE
	EndGlobalSection
	GlobalSection(ExtensibilityGlobals) = postSolution
		SolutionGuid = {411B7E9C-6682-4698-BF7E-B013F7457DED}
	EndGlobalSection
EndGlobal
